
Microsoft Visual Studio Solution File, Format Version 12.00
# Visual Studio Version 17
VisualStudioVersion = 17.0.31903.59
MinimumVisualStudioVersion = 10.0.40219.1
Project("{2150E333-8FDC-42A3-9474-1A3956D46DE8}") = "app", "app", "{56D0D4FB-D3A2-4E43-86E8-63CA3CA51509}"
EndProject
Project("{2150E333-8FDC-42A3-9474-1A3956D46DE8}") = "src", "src", "{827E0CD3-B72D-47B6-A68D-7590B98EB39B}"
EndProject
Project("{2150E333-8FDC-42A3-9474-1A3956D46DE8}") = "tests", "tests", "{C3B68680-959C-4C77-AB94-E5CF7FD9BC20}"
EndProject
Project("{FAE04EC0-301F-11D3-BF4B-00C04F79EFBC}") = "YtMusicController.Core", "app\src\YtMusicController.Core\YtMusicController.Core.csproj", "{60542002-D9F9-4EC1-AF85-9EC5ACE11556}"
EndProject
Project("{FAE04EC0-301F-11D3-BF4B-00C04F79EFBC}") = "YtMusicController.WebView", "app\src\YtMusicController.WebView\YtMusicController.WebView.csproj", "{A52D2B1E-EC2D-41A8-894C-B09510A68EF0}"
EndProject
Project("{FAE04EC0-301F-11D3-BF4B-00C04F79EFBC}") = "YtMusicController.Api", "app\src\YtMusicController.Api\YtMusicController.Api.csproj", "{C7C22EC3-280B-47A3-8D19-0068D39CCE37}"
EndProject
Project("{FAE04EC0-301F-11D3-BF4B-00C04F79EFBC}") = "YtMusicController.App", "app\src\YtMusicController.App\YtMusicController.App.csproj", "{24E152CB-43F7-4F61-983A-0B95CC4C7615}"
EndProject
Project("{FAE04EC0-301F-11D3-BF4B-00C04F79EFBC}") = "YtMusicController.Tests", "app\tests\YtMusicController.Tests\YtMusicController.Tests.csproj", "{F6C92A8F-73C7-46EC-8B40-A2EBFAC3E9DE}"
EndProject
Global
	GlobalSection(SolutionConfigurationPlatforms) = preSolution
		Debug|Any CPU = Debug|Any CPU
		Debug|x64 = Debug|x64
		Debug|x86 = Debug|x86
		Release|Any CPU = Release|Any CPU
		Release|x64 = Release|x64
		Release|x86 = Release|x86
	EndGlobalSection
	GlobalSection(ProjectConfigurationPlatforms) = postSolution
		{60542002-D9F9-4EC1-AF85-9EC5ACE11556}.Debug|Any CPU.ActiveCfg = Debug|Any CPU
		{60542002-D9F9-4EC1-AF85-9EC5ACE11556}.Debug|Any CPU.Build.0 = Debug|Any CPU
		{60542002-D9F9-4EC1-AF85-9EC5ACE11556}.Debug|x64.ActiveCfg = Debug|Any CPU
		{60542002-D9F9-4EC1-AF85-9EC5ACE11556}.Debug|x64.Build.0 = Debug|Any CPU
		{60542002-D9F9-4EC1-AF85-9EC5ACE11556}.Debug|x86.ActiveCfg = Debug|Any CPU
		{60542002-D9F9-4EC1-AF85-9EC5ACE11556}.Debug|x86.Build.0 = Debug|Any CPU
		{60542002-D9F9-4EC1-AF85-9EC5ACE11556}.Release|Any CPU.ActiveCfg = Release|Any CPU
		{60542002-D9F9-4EC1-AF85-9EC5ACE11556}.Release|Any CPU.Build.0 = Release|Any CPU
		{60542002-D9F9-4EC1-AF85-9EC5ACE11556}.Release|x64.ActiveCfg = Release|Any CPU
		{60542002-D9F9-4EC1-AF85-9EC5ACE11556}.Release|x64.Build.0 = Release|Any CPU
		{60542002-D9F9-4EC1-AF85-9EC5ACE11556}.Release|x86.ActiveCfg = Release|Any CPU
		{60542002-D9F9-4EC1-AF85-9EC5ACE11556}.Release|x86.Build.0 = Release|Any CPU
		{A52D2B1E-EC2D-41A8-894C-B09510A68EF0}.Debug|Any CPU.ActiveCfg = Debug|Any CPU
		{A52D2B1E-EC2D-41A8-894C-B09510A68EF0}.Debug|Any CPU.Build.0 = Debug|Any CPU
		{A52D2B1E-EC2D-41A8-894C-B09510A68EF0}.Debug|x64.ActiveCfg = Debug|Any CPU
		{A52D2B1E-EC2D-41A8-894C-B09510A68EF0}.Debug|x64.Build.0 = Debug|Any CPU
		{A52D2B1E-EC2D-41A8-894C-B09510A68EF0}.Debug|x86.ActiveCfg = Debug|Any CPU
		{A52D2B1E-EC2D-41A8-894C-B09510A68EF0}.Debug|x86.Build.0 = Debug|Any CPU
		{A52D2B1E-EC2D-41A8-894C-B09510A68EF0}.Release|Any CPU.ActiveCfg = Release|Any CPU
		{A52D2B1E-EC2D-41A8-894C-B09510A68EF0}.Release|Any CPU.Build.0 = Release|Any CPU
		{A52D2B1E-EC2D-41A8-894C-B09510A68EF0}.Release|x64.ActiveCfg = Release|Any CPU
		{A52D2B1E-EC2D-41A8-894C-B09510A68EF0}.Release|x64.Build.0 = Release|Any CPU
		{A52D2B1E-EC2D-41A8-894C-B09510A68EF0}.Release|x86.ActiveCfg = Release|Any CPU
		{A52D2B1E-EC2D-41A8-894C-B09510A68EF0}.Release|x86.Build.0 = Release|Any CPU
		{C7C22EC3-280B-47A3-8D19-0068D39CCE37}.Debug|Any CPU.ActiveCfg = Debug|Any CPU
		{C7C22EC3-280B-47A3-8D19-0068D39CCE37}.Debug|Any CPU.Build.0 = Debug|Any CPU
		{C7C22EC3-280B-47A3-8D19-0068D39CCE37}.Debug|x64.ActiveCfg = Debug|Any CPU
		{C7C22EC3-280B-47A3-8D19-0068D39CCE37}.Debug|x64.Build.0 = Debug|Any CPU
		{C7C22EC3-280B-47A3-8D19-0068D39CCE37}.Debug|x86.ActiveCfg = Debug|Any CPU
		{C7C22EC3-280B-47A3-8D19-0068D39CCE37}.Debug|x86.Build.0 = Debug|Any CPU
		{C7C22EC3-280B-47A3-8D19-0068D39CCE37}.Release|Any CPU.ActiveCfg = Release|Any CPU
		{C7C22EC3-280B-47A3-8D19-0068D39CCE37}.Release|Any CPU.Build.0 = Release|Any CPU
		{C7C22EC3-280B-47A3-8D19-0068D39CCE37}.Release|x64.ActiveCfg = Release|Any CPU
		{C7C22EC3-280B-47A3-8D19-0068D39CCE37}.Release|x64.Build.0 = Release|Any CPU
		{C7C22EC3-280B-47A3-8D19-0068D39CCE37}.Release|x86.ActiveCfg = Release|Any CPU
		{C7C22EC3-280B-47A3-8D19-0068D39CCE37}.Release|x86.Build.0 = Release|Any CPU
		{24E152CB-43F7-4F61-983A-0B95CC4C7615}.Debug|Any CPU.ActiveCfg = Debug|Any CPU
		{24E152CB-43F7-4F61-983A-0B95CC4C7615}.Debug|Any CPU.Build.0 = Debug|Any CPU
		{24E152CB-43F7-4F61-983A-0B95CC4C7615}.Debug|x64.ActiveCfg = Debug|Any CPU
		{24E152CB-43F7-4F61-983A-0B95CC4C7615}.Debug|x64.Build.0 = Debug|Any CPU
		{24E152CB-43F7-4F61-983A-0B95CC4C7615}.Debug|x86.ActiveCfg = Debug|Any CPU
		{24E152CB-43F7-4F61-983A-0B95CC4C7615}.Debug|x86.Build.0 = Debug|Any CPU
		{24E152CB-43F7-4F61-983A-0B95CC4C7615}.Release|Any CPU.ActiveCfg = Release|Any CPU
		{24E152CB-43F7-4F61-983A-0B95CC4C7615}.Release|Any CPU.Build.0 = Release|Any CPU
		{24E152CB-43F7-4F61-983A-0B95CC4C7615}.Release|x64.ActiveCfg = Release|Any CPU
		{24E152CB-43F7-4F61-983A-0B95CC4C7615}.Release|x64.Build.0 = Release|Any CPU
		{24E152CB-43F7-4F61-983A-0B95CC4C7615}.Release|x86.ActiveCfg = Release|Any CPU
		{24E152CB-43F7-4F61-983A-0B95CC4C7615}.Release|x86.Build.0 = Release|Any CPU
		{F6C92A8F-73C7-46EC-8B40-A2EBFAC3E9DE}.Debug|Any CPU.ActiveCfg = Debug|Any CPU
		{F6C92A8F-73C7-46EC-8B40-A2EBFAC3E9DE}.Debug|Any CPU.Build.0 = Debug|Any CPU
		{F6C92A8F-73C7-46EC-8B40-A2EBFAC3E9DE}.Debug|x64.ActiveCfg = Debug|Any CPU
		{F6C92A8F-73C7-46EC-8B40-A2EBFAC3E9DE}.Debug|x64.Build.0 = Debug|Any CPU
		{F6C92A8F-73C7-46EC-8B40-A2EBFAC3E9DE}.Debug|x86.ActiveCfg = Debug|Any CPU
		{F6C92A8F-73C7-46EC-8B40-A2EBFAC3E9DE}.Debug|x86.Build.0 = Debug|Any CPU
		{F6C92A8F-73C7-46EC-8B40-A2EBFAC3E9DE}.Release|Any CPU.ActiveCfg = Release|Any CPU
		{F6C92A8F-73C7-46EC-8B40-A2EBFAC3E9DE}.Release|Any CPU.Build.0 = Release|Any CPU
		{F6C92A8F-73C7-46EC-8B40-A2EBFAC3E9DE}.Release|x64.ActiveCfg = Release|Any CPU
		{F6C92A8F-73C7-46EC-8B40-A2EBFAC3E9DE}.Release|x64.Build.0 = Release|Any CPU
		{F6C92A8F-73C7-46EC-8B40-A2EBFAC3E9DE}.Release|x86.ActiveCfg = Release|Any CPU
		{F6C92A8F-73C7-46EC-8B40-A2EBFAC3E9DE}.Release|x86.Build.0 = Release|Any CPU
	EndGlobalSection
	GlobalSection(SolutionProperties) = preSolution
		HideSolutionNode = FALSE
	EndGlobalSection
	GlobalSection(NestedProjects) = preSolution
		{827E0CD3-B72D-47B6-A68D-7590B98EB39B} = {56D0D4FB-D3A2-4E43-86E8-63CA3CA51509}
		{C3B68680-959C-4C77-AB94-E5CF7FD9BC20} = {56D0D4FB-D3A2-4E43-86E8-63CA3CA51509}
		{60542002-D9F9-4EC1-AF85-9EC5ACE11556} = {827E0CD3-B72D-47B6-A68D-7590B98EB39B}
		{A52D2B1E-EC2D-41A8-894C-B09510A68EF0} = {827E0CD3-B72D-47B6-A68D-7590B98EB39B}
		{C7C22EC3-280B-47A3-8D19-0068D39CCE37} = {827E0CD3-B72D-47B6-A68D-7590B98EB39B}
		{24E152CB-43F7-4F61-983A-0B95CC4C7615} = {827E0CD3-B72D-47B6-A68D-7590B98EB39B}
		{F6C92A8F-73C7-46EC-8B40-A2EBFAC3E9DE} = {C3B68680-959C-4C77-AB94-E5CF7FD9BC20}
	EndGlobalSection
EndGlobal
