{
  "version": 1,
  "dependencies": {
    "net8.0-windows7.0": {
      "System.Security.Cryptography.ProtectedData": {
        "type": "Transitive",
        "resolved": "8.0.0",
        "contentHash": "+TUFINV2q2ifyXauQXRwy4CiBhqvDEDZeVJU7qfxya4aRYOKzVBpN+4acx25VcPB9ywUN6C0n8drWl110PhZEg=="
      },
      "ytmusiccontroller.core": {
        "type": "Project",
        "dependencies": {
          "System.Security.Cryptography.ProtectedData": "[8.0.0, )"
        }
      }
    },
    "net8.0-windows7.0/win-x64": {}
  }
}